
Microsoft Visual Studio Solution File, Format Version 12.00
# Visual Studio Version 17
VisualStudioVersion = 17.13.35828.75 d17.13
MinimumVisualStudioVersion = 10.0.40219.1
Project("{FAE04EC0-301F-11D3-BF4B-00C04F79EFBC}") = "BasicAutoPatch", "BasicAutoPatch.csproj", "{CF467328-9601-4BEC-8EAD-240ED468E70D}"
EndProject
Global
	GlobalSection(SolutionConfigurationPlatforms) = preSolution
		Debug|Any CPU = Debug|Any CPU
		Release|Any CPU = Release|Any CPU
	EndGlobalSection
	GlobalSection(ProjectConfigurationPlatforms) = postSolution
		{CF467328-9601-4BEC-8EAD-240ED468E70D}.Debug|Any CPU.ActiveCfg = Debug|Any CPU
		{CF467328-9601-4BEC-8EAD-240ED468E70D}.Debug|Any CPU.Build.0 = Debug|Any CPU
		{CF467328-9601-4BEC-8EAD-240ED468E70D}.Release|Any CPU.ActiveCfg = Release|Any CPU
		{CF467328-9601-4BEC-8EAD-240ED468E70D}.Release|Any CPU.Build.0 = Release|Any CPU
	EndGlobalSection
	GlobalSection(SolutionProperties) = preSolution
		HideSolutionNode = FALSE
	EndGlobalSection
	GlobalSection(ExtensibilityGlobals) = postSolution
		SolutionGuid = {FEE8556E-CFB8-4471-9B15-3D044F872DA5}
	EndGlobalSection
EndGlobal
